
Microsoft Visual Studio Solution File, Format Version 12.00
# Blend for Visual Studio 14
VisualStudioVersion = 14.0.23107.0
MinimumVisualStudioVersion = 10.0.40219.1
Project("{2150E333-8FDC-42A3-9474-1A3956D46DE8}") = "SpriteStudioDemo", "SpriteStudioDemo", "{48195305-1F56-44A9-BE69-7FA0597A50DC}"
	ProjectSection(SiliconStudioPackage) = preProject
		SpriteStudioDemo/SpriteStudioDemo.pdxpkg = SpriteStudioDemo/SpriteStudioDemo.pdxpkg
	EndProjectSection
EndProject
Project("{FAE04EC0-301F-11D3-BF4B-00C04F79EFBC}") = "SpriteStudioDemo.Windows", "SpriteStudioDemo\SpriteStudioDemo.Windows\SpriteStudioDemo.Windows.csproj", "{BDE88C50-CF68-46AE-93F8-39509AD90176}"
EndProject
Project("{FAE04EC0-301F-11D3-BF4B-00C04F79EFBC}") = "SpriteStudioDemo.Game", "SpriteStudioDemo\SpriteStudioDemo.Game\SpriteStudioDemo.Game.csproj", "{C2CDE5BC-7BD2-4E74-AB9E-9CF56AAE0E79}"
EndProject
Global
	GlobalSection(SolutionConfigurationPlatforms) = preSolution
		AppStore|Any CPU = AppStore|Any CPU
		AppStore|Mixed Platforms = AppStore|Mixed Platforms
		AppStore|Windows = AppStore|Windows
		Debug|Any CPU = Debug|Any CPU
		Debug|Mixed Platforms = Debug|Mixed Platforms
		Debug|Windows = Debug|Windows
		Release|Any CPU = Release|Any CPU
		Release|Mixed Platforms = Release|Mixed Platforms
		Release|Windows = Release|Windows
		Testing|Any CPU = Testing|Any CPU
		Testing|Mixed Platforms = Testing|Mixed Platforms
		Testing|Windows = Testing|Windows
	EndGlobalSection
	GlobalSection(ProjectConfigurationPlatforms) = postSolution
		{BDE88C50-CF68-46AE-93F8-39509AD90176}.AppStore|Any CPU.ActiveCfg = AppStore|Any CPU
		{BDE88C50-CF68-46AE-93F8-39509AD90176}.AppStore|Any CPU.Build.0 = AppStore|Any CPU
		{BDE88C50-CF68-46AE-93F8-39509AD90176}.AppStore|Any CPU.Deploy.0 = AppStore|Any CPU
		{BDE88C50-CF68-46AE-93F8-39509AD90176}.AppStore|Mixed Platforms.ActiveCfg = AppStore|Any CPU
		{BDE88C50-CF68-46AE-93F8-39509AD90176}.AppStore|Mixed Platforms.Build.0 = AppStore|Any CPU
		{BDE88C50-CF68-46AE-93F8-39509AD90176}.AppStore|Mixed Platforms.Deploy.0 = AppStore|Any CPU
		{BDE88C50-CF68-46AE-93F8-39509AD90176}.AppStore|Windows.ActiveCfg = AppStore|Any CPU
		{BDE88C50-CF68-46AE-93F8-39509AD90176}.AppStore|Windows.Build.0 = AppStore|Any CPU
		{BDE88C50-CF68-46AE-93F8-39509AD90176}.AppStore|Windows.Deploy.0 = AppStore|Any CPU
		{BDE88C50-CF68-46AE-93F8-39509AD90176}.Debug|Any CPU.ActiveCfg = Debug|Any CPU
		{BDE88C50-CF68-46AE-93F8-39509AD90176}.Debug|Any CPU.Build.0 = Debug|Any CPU
		{BDE88C50-CF68-46AE-93F8-39509AD90176}.Debug|Any CPU.Deploy.0 = Debug|Any CPU
		{BDE88C50-CF68-46AE-93F8-39509AD90176}.Debug|Mixed Platforms.ActiveCfg = Debug|Any CPU
		{BDE88C50-CF68-46AE-93F8-39509AD90176}.Debug|Mixed Platforms.Build.0 = Debug|Any CPU
		{BDE88C50-CF68-46AE-93F8-39509AD90176}.Debug|Mixed Platforms.Deploy.0 = Debug|Any CPU
		{BDE88C50-CF68-46AE-93F8-39509AD90176}.Debug|Windows.ActiveCfg = Debug|Any CPU
		{BDE88C50-CF68-46AE-93F8-39509AD90176}.Debug|Windows.Build.0 = Debug|Any CPU
		{BDE88C50-CF68-46AE-93F8-39509AD90176}.Debug|Windows.Deploy.0 = Debug|Any CPU
		{BDE88C50-CF68-46AE-93F8-39509AD90176}.Release|Any CPU.ActiveCfg = Release|Any CPU
		{BDE88C50-CF68-46AE-93F8-39509AD90176}.Release|Any CPU.Build.0 = Release|Any CPU
		{BDE88C50-CF68-46AE-93F8-39509AD90176}.Release|Any CPU.Deploy.0 = Release|Any CPU
		{BDE88C50-CF68-46AE-93F8-39509AD90176}.Release|Mixed Platforms.ActiveCfg = Release|Any CPU
		{BDE88C50-CF68-46AE-93F8-39509AD90176}.Release|Mixed Platforms.Build.0 = Release|Any CPU
		{BDE88C50-CF68-46AE-93F8-39509AD90176}.Release|Mixed Platforms.Deploy.0 = Release|Any CPU
		{BDE88C50-CF68-46AE-93F8-39509AD90176}.Release|Windows.ActiveCfg = Release|Any CPU
		{BDE88C50-CF68-46AE-93F8-39509AD90176}.Release|Windows.Build.0 = Release|Any CPU
		{BDE88C50-CF68-46AE-93F8-39509AD90176}.Release|Windows.Deploy.0 = Release|Any CPU
		{BDE88C50-CF68-46AE-93F8-39509AD90176}.Testing|Any CPU.ActiveCfg = Testing|Any CPU
		{BDE88C50-CF68-46AE-93F8-39509AD90176}.Testing|Any CPU.Build.0 = Testing|Any CPU
		{BDE88C50-CF68-46AE-93F8-39509AD90176}.Testing|Any CPU.Deploy.0 = Testing|Any CPU
		{BDE88C50-CF68-46AE-93F8-39509AD90176}.Testing|Mixed Platforms.ActiveCfg = Testing|Any CPU
		{BDE88C50-CF68-46AE-93F8-39509AD90176}.Testing|Mixed Platforms.Build.0 = Testing|Any CPU
		{BDE88C50-CF68-46AE-93F8-39509AD90176}.Testing|Mixed Platforms.Deploy.0 = Testing|Any CPU
		{BDE88C50-CF68-46AE-93F8-39509AD90176}.Testing|Windows.ActiveCfg = Testing|Any CPU
		{BDE88C50-CF68-46AE-93F8-39509AD90176}.Testing|Windows.Build.0 = Testing|Any CPU
		{BDE88C50-CF68-46AE-93F8-39509AD90176}.Testing|Windows.Deploy.0 = Testing|Any CPU
		{C2CDE5BC-7BD2-4E74-AB9E-9CF56AAE0E79}.AppStore|Any CPU.ActiveCfg = AppStore|Any CPU
		{C2CDE5BC-7BD2-4E74-AB9E-9CF56AAE0E79}.AppStore|Any CPU.Build.0 = AppStore|Any CPU
		{C2CDE5BC-7BD2-4E74-AB9E-9CF56AAE0E79}.AppStore|Mixed Platforms.ActiveCfg = AppStore|Any CPU
		{C2CDE5BC-7BD2-4E74-AB9E-9CF56AAE0E79}.AppStore|Mixed Platforms.Build.0 = AppStore|Any CPU
		{C2CDE5BC-7BD2-4E74-AB9E-9CF56AAE0E79}.AppStore|Windows.ActiveCfg = AppStore|Any CPU
		{C2CDE5BC-7BD2-4E74-AB9E-9CF56AAE0E79}.AppStore|Windows.Build.0 = AppStore|Any CPU
		{C2CDE5BC-7BD2-4E74-AB9E-9CF56AAE0E79}.Debug|Any CPU.ActiveCfg = Debug|Any CPU
		{C2CDE5BC-7BD2-4E74-AB9E-9CF56AAE0E79}.Debug|Any CPU.Build.0 = Debug|Any CPU
		{C2CDE5BC-7BD2-4E74-AB9E-9CF56AAE0E79}.Debug|Mixed Platforms.ActiveCfg = Debug|Any CPU
		{C2CDE5BC-7BD2-4E74-AB9E-9CF56AAE0E79}.Debug|Mixed Platforms.Build.0 = Debug|Any CPU
		{C2CDE5BC-7BD2-4E74-AB9E-9CF56AAE0E79}.Debug|Windows.ActiveCfg = Debug|Any CPU
		{C2CDE5BC-7BD2-4E74-AB9E-9CF56AAE0E79}.Debug|Windows.Build.0 = Debug|Any CPU
		{C2CDE5BC-7BD2-4E74-AB9E-9CF56AAE0E79}.Release|Any CPU.ActiveCfg = Release|Any CPU
		{C2CDE5BC-7BD2-4E74-AB9E-9CF56AAE0E79}.Release|Any CPU.Build.0 = Release|Any CPU
		{C2CDE5BC-7BD2-4E74-AB9E-9CF56AAE0E79}.Release|Mixed Platforms.ActiveCfg = Release|Any CPU
		{C2CDE5BC-7BD2-4E74-AB9E-9CF56AAE0E79}.Release|Mixed Platforms.Build.0 = Release|Any CPU
		{C2CDE5BC-7BD2-4E74-AB9E-9CF56AAE0E79}.Release|Windows.ActiveCfg = Release|Any CPU
		{C2CDE5BC-7BD2-4E74-AB9E-9CF56AAE0E79}.Release|Windows.Build.0 = Release|Any CPU
		{C2CDE5BC-7BD2-4E74-AB9E-9CF56AAE0E79}.Testing|Any CPU.ActiveCfg = Testing|Any CPU
		{C2CDE5BC-7BD2-4E74-AB9E-9CF56AAE0E79}.Testing|Any CPU.Build.0 = Testing|Any CPU
		{C2CDE5BC-7BD2-4E74-AB9E-9CF56AAE0E79}.Testing|Mixed Platforms.ActiveCfg = Testing|Any CPU
		{C2CDE5BC-7BD2-4E74-AB9E-9CF56AAE0E79}.Testing|Mixed Platforms.Build.0 = Testing|Any CPU
		{C2CDE5BC-7BD2-4E74-AB9E-9CF56AAE0E79}.Testing|Windows.ActiveCfg = Testing|Any CPU
		{C2CDE5BC-7BD2-4E74-AB9E-9CF56AAE0E79}.Testing|Windows.Build.0 = Testing|Any CPU
	EndGlobalSection
	GlobalSection(SolutionProperties) = preSolution
		HideSolutionNode = FALSE
	EndGlobalSection
	GlobalSection(NestedProjects) = preSolution
		{BDE88C50-CF68-46AE-93F8-39509AD90176} = {48195305-1F56-44A9-BE69-7FA0597A50DC}
		{C2CDE5BC-7BD2-4E74-AB9E-9CF56AAE0E79} = {48195305-1F56-44A9-BE69-7FA0597A50DC}
	EndGlobalSection
EndGlobal
