Microsoft Visual Studio Solution File, Format Version 12.00
# Visual Studio 2013
VisualStudioVersion = 12.0.40629.0
MinimumVisualStudioVersion = 10.0.40219.1
Project("{2150E333-8FDC-42A3-9474-1A3956D46DE8}") = "NativeLinking", "NativeLinking", "{C47B99CD-4798-4D85-B9B7-E720D9A229B7}"
	ProjectSection(SiliconStudioPackage) = preProject
		NativeLinking/NativeLinking.pdxpkg = NativeLinking/NativeLinking.pdxpkg
	EndProjectSection
EndProject
Project("{FAE04EC0-301F-11D3-BF4B-00C04F79EFBC}") = "NativeLinking.Windows", "NativeLinking\NativeLinking.Windows\NativeLinking.Windows.csproj", "{21F1B9B5-98DD-4B98-B8D9-EEDBA2009D28}"
EndProject
Project("{FAE04EC0-301F-11D3-BF4B-00C04F79EFBC}") = "NativeLinking.Game", "NativeLinking\NativeLinking.Game\NativeLinking.Game.csproj", "{A26A7DF9-B469-4996-B5A5-324285394BB9}"
EndProject
Project("{FAE04EC0-301F-11D3-BF4B-00C04F79EFBC}") = "NativeLinking.WindowsStore", "NativeLinking\NativeLinking.WindowsStore\NativeLinking.WindowsStore.csproj", "{FE6D5699-5C71-4702-9F3C-E2E4E48F0CA6}"
EndProject
Project("{FAE04EC0-301F-11D3-BF4B-00C04F79EFBC}") = "NativeLinking.WindowsPhone", "NativeLinking\NativeLinking.WindowsPhone\NativeLinking.WindowsPhone.csproj", "{C9FAB13B-6834-412F-94FF-4D5976DBC938}"
EndProject
Project("{FAE04EC0-301F-11D3-BF4B-00C04F79EFBC}") = "NativeLinking.Android", "NativeLinking\NativeLinking.Android\NativeLinking.Android.csproj", "{62CC4549-7B5E-42C0-9090-815C8F60FD1E}"
EndProject
Project("{FAE04EC0-301F-11D3-BF4B-00C04F79EFBC}") = "NativeLinking.iOS", "NativeLinking\NativeLinking.iOS\NativeLinking.iOS.csproj", "{AF975649-D102-4256-BD58-46BAEABA0518}"
EndProject
Project("{FAE04EC0-301F-11D3-BF4B-00C04F79EFBC}") = "NativeLinking.MyLibrary", "NativeLinking\NativeLinking.MyLibrary\NativeLinking.MyLibrary.csproj", "{83947D07-A863-45B5-924E-A0E5C23AF277}"
EndProject
Global
	GlobalSection(SolutionConfigurationPlatforms) = preSolution
		AppStore|Android = AppStore|Android
		AppStore|Any CPU = AppStore|Any CPU
		AppStore|iPhone = AppStore|iPhone
		AppStore|iPhoneSimulator = AppStore|iPhoneSimulator
		AppStore|Mixed Platforms = AppStore|Mixed Platforms
		AppStore|Windows = AppStore|Windows
		AppStore|WindowsPhone-ARM = AppStore|WindowsPhone-ARM
		AppStore|WindowsPhone-x86 = AppStore|WindowsPhone-x86
		AppStore|WindowsStore-ARM = AppStore|WindowsStore-ARM
		AppStore|WindowsStore-x64 = AppStore|WindowsStore-x64
		AppStore|WindowsStore-x86 = AppStore|WindowsStore-x86
		Debug|Android = Debug|Android
		Debug|Any CPU = Debug|Any CPU
		Debug|iPhone = Debug|iPhone
		Debug|iPhoneSimulator = Debug|iPhoneSimulator
		Debug|Mixed Platforms = Debug|Mixed Platforms
		Debug|Windows = Debug|Windows
		Debug|WindowsPhone-ARM = Debug|WindowsPhone-ARM
		Debug|WindowsPhone-x86 = Debug|WindowsPhone-x86
		Debug|WindowsStore-ARM = Debug|WindowsStore-ARM
		Debug|WindowsStore-x64 = Debug|WindowsStore-x64
		Debug|WindowsStore-x86 = Debug|WindowsStore-x86
		Release|Android = Release|Android
		Release|Any CPU = Release|Any CPU
		Release|iPhone = Release|iPhone
		Release|iPhoneSimulator = Release|iPhoneSimulator
		Release|Mixed Platforms = Release|Mixed Platforms
		Release|Windows = Release|Windows
		Release|WindowsPhone-ARM = Release|WindowsPhone-ARM
		Release|WindowsPhone-x86 = Release|WindowsPhone-x86
		Release|WindowsStore-ARM = Release|WindowsStore-ARM
		Release|WindowsStore-x64 = Release|WindowsStore-x64
		Release|WindowsStore-x86 = Release|WindowsStore-x86
		Testing|Android = Testing|Android
		Testing|Any CPU = Testing|Any CPU
		Testing|iPhone = Testing|iPhone
		Testing|iPhoneSimulator = Testing|iPhoneSimulator
		Testing|Mixed Platforms = Testing|Mixed Platforms
		Testing|Windows = Testing|Windows
		Testing|WindowsPhone-ARM = Testing|WindowsPhone-ARM
		Testing|WindowsPhone-x86 = Testing|WindowsPhone-x86
		Testing|WindowsStore-ARM = Testing|WindowsStore-ARM
		Testing|WindowsStore-x64 = Testing|WindowsStore-x64
		Testing|WindowsStore-x86 = Testing|WindowsStore-x86
	EndGlobalSection
	GlobalSection(ProjectConfigurationPlatforms) = postSolution
		{21F1B9B5-98DD-4B98-B8D9-EEDBA2009D28}.AppStore|Android.ActiveCfg = AppStore|Any CPU
		{21F1B9B5-98DD-4B98-B8D9-EEDBA2009D28}.AppStore|Any CPU.ActiveCfg = AppStore|Any CPU
		{21F1B9B5-98DD-4B98-B8D9-EEDBA2009D28}.AppStore|Any CPU.Build.0 = AppStore|Any CPU
		{21F1B9B5-98DD-4B98-B8D9-EEDBA2009D28}.AppStore|Any CPU.Deploy.0 = AppStore|Any CPU
		{21F1B9B5-98DD-4B98-B8D9-EEDBA2009D28}.AppStore|iPhone.ActiveCfg = AppStore|Any CPU
		{21F1B9B5-98DD-4B98-B8D9-EEDBA2009D28}.AppStore|iPhoneSimulator.ActiveCfg = AppStore|Any CPU
		{21F1B9B5-98DD-4B98-B8D9-EEDBA2009D28}.AppStore|Mixed Platforms.ActiveCfg = AppStore|Any CPU
		{21F1B9B5-98DD-4B98-B8D9-EEDBA2009D28}.AppStore|Mixed Platforms.Build.0 = AppStore|Any CPU
		{21F1B9B5-98DD-4B98-B8D9-EEDBA2009D28}.AppStore|Mixed Platforms.Deploy.0 = AppStore|Any CPU
		{21F1B9B5-98DD-4B98-B8D9-EEDBA2009D28}.AppStore|Windows.ActiveCfg = AppStore|Any CPU
		{21F1B9B5-98DD-4B98-B8D9-EEDBA2009D28}.AppStore|Windows.Build.0 = AppStore|Any CPU
		{21F1B9B5-98DD-4B98-B8D9-EEDBA2009D28}.AppStore|Windows.Deploy.0 = AppStore|Any CPU
		{21F1B9B5-98DD-4B98-B8D9-EEDBA2009D28}.AppStore|WindowsPhone-ARM.ActiveCfg = AppStore|Any CPU
		{21F1B9B5-98DD-4B98-B8D9-EEDBA2009D28}.AppStore|WindowsPhone-x86.ActiveCfg = AppStore|Any CPU
		{21F1B9B5-98DD-4B98-B8D9-EEDBA2009D28}.AppStore|WindowsStore-ARM.ActiveCfg = AppStore|Any CPU
		{21F1B9B5-98DD-4B98-B8D9-EEDBA2009D28}.AppStore|WindowsStore-x64.ActiveCfg = AppStore|Any CPU
		{21F1B9B5-98DD-4B98-B8D9-EEDBA2009D28}.AppStore|WindowsStore-x86.ActiveCfg = AppStore|Any CPU
		{21F1B9B5-98DD-4B98-B8D9-EEDBA2009D28}.Debug|Android.ActiveCfg = Debug|Any CPU
		{21F1B9B5-98DD-4B98-B8D9-EEDBA2009D28}.Debug|Any CPU.ActiveCfg = Debug|Any CPU
		{21F1B9B5-98DD-4B98-B8D9-EEDBA2009D28}.Debug|Any CPU.Build.0 = Debug|Any CPU
		{21F1B9B5-98DD-4B98-B8D9-EEDBA2009D28}.Debug|Any CPU.Deploy.0 = Debug|Any CPU
		{21F1B9B5-98DD-4B98-B8D9-EEDBA2009D28}.Debug|iPhone.ActiveCfg = Debug|Any CPU
		{21F1B9B5-98DD-4B98-B8D9-EEDBA2009D28}.Debug|iPhoneSimulator.ActiveCfg = Debug|Any CPU
		{21F1B9B5-98DD-4B98-B8D9-EEDBA2009D28}.Debug|Mixed Platforms.ActiveCfg = Debug|Any CPU
		{21F1B9B5-98DD-4B98-B8D9-EEDBA2009D28}.Debug|Mixed Platforms.Build.0 = Debug|Any CPU
		{21F1B9B5-98DD-4B98-B8D9-EEDBA2009D28}.Debug|Mixed Platforms.Deploy.0 = Debug|Any CPU
		{21F1B9B5-98DD-4B98-B8D9-EEDBA2009D28}.Debug|Windows.ActiveCfg = Debug|Any CPU
		{21F1B9B5-98DD-4B98-B8D9-EEDBA2009D28}.Debug|Windows.Build.0 = Debug|Any CPU
		{21F1B9B5-98DD-4B98-B8D9-EEDBA2009D28}.Debug|Windows.Deploy.0 = Debug|Any CPU
		{21F1B9B5-98DD-4B98-B8D9-EEDBA2009D28}.Debug|WindowsPhone-ARM.ActiveCfg = Debug|Any CPU
		{21F1B9B5-98DD-4B98-B8D9-EEDBA2009D28}.Debug|WindowsPhone-x86.ActiveCfg = Debug|Any CPU
		{21F1B9B5-98DD-4B98-B8D9-EEDBA2009D28}.Debug|WindowsStore-ARM.ActiveCfg = Debug|Any CPU
		{21F1B9B5-98DD-4B98-B8D9-EEDBA2009D28}.Debug|WindowsStore-x64.ActiveCfg = Debug|Any CPU
		{21F1B9B5-98DD-4B98-B8D9-EEDBA2009D28}.Debug|WindowsStore-x86.ActiveCfg = Debug|Any CPU
		{21F1B9B5-98DD-4B98-B8D9-EEDBA2009D28}.Release|Android.ActiveCfg = Release|Any CPU
		{21F1B9B5-98DD-4B98-B8D9-EEDBA2009D28}.Release|Any CPU.ActiveCfg = Release|Any CPU
		{21F1B9B5-98DD-4B98-B8D9-EEDBA2009D28}.Release|Any CPU.Build.0 = Release|Any CPU
		{21F1B9B5-98DD-4B98-B8D9-EEDBA2009D28}.Release|Any CPU.Deploy.0 = Release|Any CPU
		{21F1B9B5-98DD-4B98-B8D9-EEDBA2009D28}.Release|iPhone.ActiveCfg = Release|Any CPU
		{21F1B9B5-98DD-4B98-B8D9-EEDBA2009D28}.Release|iPhoneSimulator.ActiveCfg = Release|Any CPU
		{21F1B9B5-98DD-4B98-B8D9-EEDBA2009D28}.Release|Mixed Platforms.ActiveCfg = Release|Any CPU
		{21F1B9B5-98DD-4B98-B8D9-EEDBA2009D28}.Release|Mixed Platforms.Build.0 = Release|Any CPU
		{21F1B9B5-98DD-4B98-B8D9-EEDBA2009D28}.Release|Mixed Platforms.Deploy.0 = Release|Any CPU
		{21F1B9B5-98DD-4B98-B8D9-EEDBA2009D28}.Release|Windows.ActiveCfg = Release|Any CPU
		{21F1B9B5-98DD-4B98-B8D9-EEDBA2009D28}.Release|Windows.Build.0 = Release|Any CPU
		{21F1B9B5-98DD-4B98-B8D9-EEDBA2009D28}.Release|Windows.Deploy.0 = Release|Any CPU
		{21F1B9B5-98DD-4B98-B8D9-EEDBA2009D28}.Release|WindowsPhone-ARM.ActiveCfg = Release|Any CPU
		{21F1B9B5-98DD-4B98-B8D9-EEDBA2009D28}.Release|WindowsPhone-x86.ActiveCfg = Release|Any CPU
		{21F1B9B5-98DD-4B98-B8D9-EEDBA2009D28}.Release|WindowsStore-ARM.ActiveCfg = Release|Any CPU
		{21F1B9B5-98DD-4B98-B8D9-EEDBA2009D28}.Release|WindowsStore-x64.ActiveCfg = Release|Any CPU
		{21F1B9B5-98DD-4B98-B8D9-EEDBA2009D28}.Release|WindowsStore-x86.ActiveCfg = Release|Any CPU
		{21F1B9B5-98DD-4B98-B8D9-EEDBA2009D28}.Testing|Android.ActiveCfg = Testing|Any CPU
		{21F1B9B5-98DD-4B98-B8D9-EEDBA2009D28}.Testing|Any CPU.ActiveCfg = Testing|Any CPU
		{21F1B9B5-98DD-4B98-B8D9-EEDBA2009D28}.Testing|Any CPU.Build.0 = Testing|Any CPU
		{21F1B9B5-98DD-4B98-B8D9-EEDBA2009D28}.Testing|Any CPU.Deploy.0 = Testing|Any CPU
		{21F1B9B5-98DD-4B98-B8D9-EEDBA2009D28}.Testing|iPhone.ActiveCfg = Testing|Any CPU
		{21F1B9B5-98DD-4B98-B8D9-EEDBA2009D28}.Testing|iPhoneSimulator.ActiveCfg = Testing|Any CPU
		{21F1B9B5-98DD-4B98-B8D9-EEDBA2009D28}.Testing|Mixed Platforms.ActiveCfg = Testing|Any CPU
		{21F1B9B5-98DD-4B98-B8D9-EEDBA2009D28}.Testing|Mixed Platforms.Build.0 = Testing|Any CPU
		{21F1B9B5-98DD-4B98-B8D9-EEDBA2009D28}.Testing|Mixed Platforms.Deploy.0 = Testing|Any CPU
		{21F1B9B5-98DD-4B98-B8D9-EEDBA2009D28}.Testing|Windows.ActiveCfg = Testing|Any CPU
		{21F1B9B5-98DD-4B98-B8D9-EEDBA2009D28}.Testing|Windows.Build.0 = Testing|Any CPU
		{21F1B9B5-98DD-4B98-B8D9-EEDBA2009D28}.Testing|Windows.Deploy.0 = Testing|Any CPU
		{21F1B9B5-98DD-4B98-B8D9-EEDBA2009D28}.Testing|WindowsPhone-ARM.ActiveCfg = Testing|Any CPU
		{21F1B9B5-98DD-4B98-B8D9-EEDBA2009D28}.Testing|WindowsPhone-x86.ActiveCfg = Testing|Any CPU
		{21F1B9B5-98DD-4B98-B8D9-EEDBA2009D28}.Testing|WindowsStore-ARM.ActiveCfg = Testing|Any CPU
		{21F1B9B5-98DD-4B98-B8D9-EEDBA2009D28}.Testing|WindowsStore-x64.ActiveCfg = Testing|Any CPU
		{21F1B9B5-98DD-4B98-B8D9-EEDBA2009D28}.Testing|WindowsStore-x86.ActiveCfg = Testing|Any CPU
		{A26A7DF9-B469-4996-B5A5-324285394BB9}.AppStore|Android.ActiveCfg = AppStore|Android
		{A26A7DF9-B469-4996-B5A5-324285394BB9}.AppStore|Android.Build.0 = AppStore|Android
		{A26A7DF9-B469-4996-B5A5-324285394BB9}.AppStore|Any CPU.ActiveCfg = AppStore|Any CPU
		{A26A7DF9-B469-4996-B5A5-324285394BB9}.AppStore|Any CPU.Build.0 = AppStore|Any CPU
		{A26A7DF9-B469-4996-B5A5-324285394BB9}.AppStore|iPhone.ActiveCfg = AppStore|iPhone
		{A26A7DF9-B469-4996-B5A5-324285394BB9}.AppStore|iPhone.Build.0 = AppStore|iPhone
		{A26A7DF9-B469-4996-B5A5-324285394BB9}.AppStore|iPhoneSimulator.ActiveCfg = AppStore|iPhoneSimulator
		{A26A7DF9-B469-4996-B5A5-324285394BB9}.AppStore|iPhoneSimulator.Build.0 = AppStore|iPhoneSimulator
		{A26A7DF9-B469-4996-B5A5-324285394BB9}.AppStore|Mixed Platforms.ActiveCfg = AppStore|Any CPU
		{A26A7DF9-B469-4996-B5A5-324285394BB9}.AppStore|Mixed Platforms.Build.0 = AppStore|Any CPU
		{A26A7DF9-B469-4996-B5A5-324285394BB9}.AppStore|Windows.ActiveCfg = AppStore|Any CPU
		{A26A7DF9-B469-4996-B5A5-324285394BB9}.AppStore|Windows.Build.0 = AppStore|Any CPU
		{A26A7DF9-B469-4996-B5A5-324285394BB9}.AppStore|WindowsPhone-ARM.ActiveCfg = AppStore|WindowsPhone
		{A26A7DF9-B469-4996-B5A5-324285394BB9}.AppStore|WindowsPhone-ARM.Build.0 = AppStore|WindowsPhone
		{A26A7DF9-B469-4996-B5A5-324285394BB9}.AppStore|WindowsPhone-x86.ActiveCfg = AppStore|WindowsPhone
		{A26A7DF9-B469-4996-B5A5-324285394BB9}.AppStore|WindowsPhone-x86.Build.0 = AppStore|WindowsPhone
		{A26A7DF9-B469-4996-B5A5-324285394BB9}.AppStore|WindowsStore-ARM.ActiveCfg = AppStore|WindowsStore
		{A26A7DF9-B469-4996-B5A5-324285394BB9}.AppStore|WindowsStore-ARM.Build.0 = AppStore|WindowsStore
		{A26A7DF9-B469-4996-B5A5-324285394BB9}.AppStore|WindowsStore-x64.ActiveCfg = AppStore|WindowsStore
		{A26A7DF9-B469-4996-B5A5-324285394BB9}.AppStore|WindowsStore-x64.Build.0 = AppStore|WindowsStore
		{A26A7DF9-B469-4996-B5A5-324285394BB9}.AppStore|WindowsStore-x86.ActiveCfg = AppStore|WindowsStore
		{A26A7DF9-B469-4996-B5A5-324285394BB9}.AppStore|WindowsStore-x86.Build.0 = AppStore|WindowsStore
		{A26A7DF9-B469-4996-B5A5-324285394BB9}.Debug|Android.ActiveCfg = Debug|Android
		{A26A7DF9-B469-4996-B5A5-324285394BB9}.Debug|Android.Build.0 = Debug|Android
		{A26A7DF9-B469-4996-B5A5-324285394BB9}.Debug|Any CPU.ActiveCfg = Debug|Any CPU
		{A26A7DF9-B469-4996-B5A5-324285394BB9}.Debug|Any CPU.Build.0 = Debug|Any CPU
		{A26A7DF9-B469-4996-B5A5-324285394BB9}.Debug|iPhone.ActiveCfg = Debug|iPhone
		{A26A7DF9-B469-4996-B5A5-324285394BB9}.Debug|iPhone.Build.0 = Debug|iPhone
		{A26A7DF9-B469-4996-B5A5-324285394BB9}.Debug|iPhoneSimulator.ActiveCfg = Debug|iPhoneSimulator
		{A26A7DF9-B469-4996-B5A5-324285394BB9}.Debug|iPhoneSimulator.Build.0 = Debug|iPhoneSimulator
		{A26A7DF9-B469-4996-B5A5-324285394BB9}.Debug|Mixed Platforms.ActiveCfg = Debug|Any CPU
		{A26A7DF9-B469-4996-B5A5-324285394BB9}.Debug|Mixed Platforms.Build.0 = Debug|Any CPU
		{A26A7DF9-B469-4996-B5A5-324285394BB9}.Debug|Windows.ActiveCfg = Debug|Any CPU
		{A26A7DF9-B469-4996-B5A5-324285394BB9}.Debug|Windows.Build.0 = Debug|Any CPU
		{A26A7DF9-B469-4996-B5A5-324285394BB9}.Debug|WindowsPhone-ARM.ActiveCfg = Debug|WindowsPhone
		{A26A7DF9-B469-4996-B5A5-324285394BB9}.Debug|WindowsPhone-ARM.Build.0 = Debug|WindowsPhone
		{A26A7DF9-B469-4996-B5A5-324285394BB9}.Debug|WindowsPhone-x86.ActiveCfg = Debug|WindowsPhone
		{A26A7DF9-B469-4996-B5A5-324285394BB9}.Debug|WindowsPhone-x86.Build.0 = Debug|WindowsPhone
		{A26A7DF9-B469-4996-B5A5-324285394BB9}.Debug|WindowsStore-ARM.ActiveCfg = Debug|WindowsStore
		{A26A7DF9-B469-4996-B5A5-324285394BB9}.Debug|WindowsStore-ARM.Build.0 = Debug|WindowsStore
		{A26A7DF9-B469-4996-B5A5-324285394BB9}.Debug|WindowsStore-x64.ActiveCfg = Debug|WindowsStore
		{A26A7DF9-B469-4996-B5A5-324285394BB9}.Debug|WindowsStore-x64.Build.0 = Debug|WindowsStore
		{A26A7DF9-B469-4996-B5A5-324285394BB9}.Debug|WindowsStore-x86.ActiveCfg = Debug|WindowsStore
		{A26A7DF9-B469-4996-B5A5-324285394BB9}.Debug|WindowsStore-x86.Build.0 = Debug|WindowsStore
		{A26A7DF9-B469-4996-B5A5-324285394BB9}.Release|Android.ActiveCfg = Release|Android
		{A26A7DF9-B469-4996-B5A5-324285394BB9}.Release|Android.Build.0 = Release|Android
		{A26A7DF9-B469-4996-B5A5-324285394BB9}.Release|Any CPU.ActiveCfg = Release|Any CPU
		{A26A7DF9-B469-4996-B5A5-324285394BB9}.Release|Any CPU.Build.0 = Release|Any CPU
		{A26A7DF9-B469-4996-B5A5-324285394BB9}.Release|iPhone.ActiveCfg = Release|iPhone
		{A26A7DF9-B469-4996-B5A5-324285394BB9}.Release|iPhone.Build.0 = Release|iPhone
		{A26A7DF9-B469-4996-B5A5-324285394BB9}.Release|iPhoneSimulator.ActiveCfg = Release|iPhoneSimulator
		{A26A7DF9-B469-4996-B5A5-324285394BB9}.Release|iPhoneSimulator.Build.0 = Release|iPhoneSimulator
		{A26A7DF9-B469-4996-B5A5-324285394BB9}.Release|Mixed Platforms.ActiveCfg = Release|Any CPU
		{A26A7DF9-B469-4996-B5A5-324285394BB9}.Release|Mixed Platforms.Build.0 = Release|Any CPU
		{A26A7DF9-B469-4996-B5A5-324285394BB9}.Release|Windows.ActiveCfg = Release|Any CPU
		{A26A7DF9-B469-4996-B5A5-324285394BB9}.Release|Windows.Build.0 = Release|Any CPU
		{A26A7DF9-B469-4996-B5A5-324285394BB9}.Release|WindowsPhone-ARM.ActiveCfg = Release|WindowsPhone
		{A26A7DF9-B469-4996-B5A5-324285394BB9}.Release|WindowsPhone-ARM.Build.0 = Release|WindowsPhone
		{A26A7DF9-B469-4996-B5A5-324285394BB9}.Release|WindowsPhone-x86.ActiveCfg = Release|WindowsPhone
		{A26A7DF9-B469-4996-B5A5-324285394BB9}.Release|WindowsPhone-x86.Build.0 = Release|WindowsPhone
		{A26A7DF9-B469-4996-B5A5-324285394BB9}.Release|WindowsStore-ARM.ActiveCfg = Release|WindowsStore
		{A26A7DF9-B469-4996-B5A5-324285394BB9}.Release|WindowsStore-ARM.Build.0 = Release|WindowsStore
		{A26A7DF9-B469-4996-B5A5-324285394BB9}.Release|WindowsStore-x64.ActiveCfg = Release|WindowsStore
		{A26A7DF9-B469-4996-B5A5-324285394BB9}.Release|WindowsStore-x64.Build.0 = Release|WindowsStore
		{A26A7DF9-B469-4996-B5A5-324285394BB9}.Release|WindowsStore-x86.ActiveCfg = Release|WindowsStore
		{A26A7DF9-B469-4996-B5A5-324285394BB9}.Release|WindowsStore-x86.Build.0 = Release|WindowsStore
		{A26A7DF9-B469-4996-B5A5-324285394BB9}.Testing|Android.ActiveCfg = Testing|Android
		{A26A7DF9-B469-4996-B5A5-324285394BB9}.Testing|Android.Build.0 = Testing|Android
		{A26A7DF9-B469-4996-B5A5-324285394BB9}.Testing|Any CPU.ActiveCfg = Testing|Any CPU
		{A26A7DF9-B469-4996-B5A5-324285394BB9}.Testing|Any CPU.Build.0 = Testing|Any CPU
		{A26A7DF9-B469-4996-B5A5-324285394BB9}.Testing|iPhone.ActiveCfg = Testing|iPhone
		{A26A7DF9-B469-4996-B5A5-324285394BB9}.Testing|iPhone.Build.0 = Testing|iPhone
		{A26A7DF9-B469-4996-B5A5-324285394BB9}.Testing|iPhoneSimulator.ActiveCfg = Testing|iPhoneSimulator
		{A26A7DF9-B469-4996-B5A5-324285394BB9}.Testing|iPhoneSimulator.Build.0 = Testing|iPhoneSimulator
		{A26A7DF9-B469-4996-B5A5-324285394BB9}.Testing|Mixed Platforms.ActiveCfg = Testing|Any CPU
		{A26A7DF9-B469-4996-B5A5-324285394BB9}.Testing|Mixed Platforms.Build.0 = Testing|Any CPU
		{A26A7DF9-B469-4996-B5A5-324285394BB9}.Testing|Windows.ActiveCfg = Testing|Any CPU
		{A26A7DF9-B469-4996-B5A5-324285394BB9}.Testing|Windows.Build.0 = Testing|Any CPU
		{A26A7DF9-B469-4996-B5A5-324285394BB9}.Testing|WindowsPhone-ARM.ActiveCfg = Testing|WindowsPhone
		{A26A7DF9-B469-4996-B5A5-324285394BB9}.Testing|WindowsPhone-ARM.Build.0 = Testing|WindowsPhone
		{A26A7DF9-B469-4996-B5A5-324285394BB9}.Testing|WindowsPhone-x86.ActiveCfg = Testing|WindowsPhone
		{A26A7DF9-B469-4996-B5A5-324285394BB9}.Testing|WindowsPhone-x86.Build.0 = Testing|WindowsPhone
		{A26A7DF9-B469-4996-B5A5-324285394BB9}.Testing|WindowsStore-ARM.ActiveCfg = Testing|WindowsStore
		{A26A7DF9-B469-4996-B5A5-324285394BB9}.Testing|WindowsStore-ARM.Build.0 = Testing|WindowsStore
		{A26A7DF9-B469-4996-B5A5-324285394BB9}.Testing|WindowsStore-x64.ActiveCfg = Testing|WindowsStore
		{A26A7DF9-B469-4996-B5A5-324285394BB9}.Testing|WindowsStore-x64.Build.0 = Testing|WindowsStore
		{A26A7DF9-B469-4996-B5A5-324285394BB9}.Testing|WindowsStore-x86.ActiveCfg = Testing|WindowsStore
		{A26A7DF9-B469-4996-B5A5-324285394BB9}.Testing|WindowsStore-x86.Build.0 = Testing|WindowsStore
		{FE6D5699-5C71-4702-9F3C-E2E4E48F0CA6}.AppStore|Android.ActiveCfg = AppStore|x86
		{FE6D5699-5C71-4702-9F3C-E2E4E48F0CA6}.AppStore|Any CPU.ActiveCfg = AppStore|x86
		{FE6D5699-5C71-4702-9F3C-E2E4E48F0CA6}.AppStore|iPhone.ActiveCfg = AppStore|x86
		{FE6D5699-5C71-4702-9F3C-E2E4E48F0CA6}.AppStore|iPhoneSimulator.ActiveCfg = AppStore|x86
		{FE6D5699-5C71-4702-9F3C-E2E4E48F0CA6}.AppStore|Mixed Platforms.ActiveCfg = AppStore|x86
		{FE6D5699-5C71-4702-9F3C-E2E4E48F0CA6}.AppStore|Mixed Platforms.Build.0 = AppStore|x86
		{FE6D5699-5C71-4702-9F3C-E2E4E48F0CA6}.AppStore|Mixed Platforms.Deploy.0 = AppStore|x86
		{FE6D5699-5C71-4702-9F3C-E2E4E48F0CA6}.AppStore|Windows.ActiveCfg = AppStore|x86
		{FE6D5699-5C71-4702-9F3C-E2E4E48F0CA6}.AppStore|WindowsPhone-ARM.ActiveCfg = AppStore|ARM
		{FE6D5699-5C71-4702-9F3C-E2E4E48F0CA6}.AppStore|WindowsPhone-x86.ActiveCfg = AppStore|x86
		{FE6D5699-5C71-4702-9F3C-E2E4E48F0CA6}.AppStore|WindowsStore-ARM.ActiveCfg = AppStore|ARM
		{FE6D5699-5C71-4702-9F3C-E2E4E48F0CA6}.AppStore|WindowsStore-ARM.Build.0 = AppStore|ARM
		{FE6D5699-5C71-4702-9F3C-E2E4E48F0CA6}.AppStore|WindowsStore-ARM.Deploy.0 = AppStore|ARM
		{FE6D5699-5C71-4702-9F3C-E2E4E48F0CA6}.AppStore|WindowsStore-x64.ActiveCfg = AppStore|x64
		{FE6D5699-5C71-4702-9F3C-E2E4E48F0CA6}.AppStore|WindowsStore-x64.Build.0 = AppStore|x64
		{FE6D5699-5C71-4702-9F3C-E2E4E48F0CA6}.AppStore|WindowsStore-x64.Deploy.0 = AppStore|x64
		{FE6D5699-5C71-4702-9F3C-E2E4E48F0CA6}.AppStore|WindowsStore-x86.ActiveCfg = AppStore|x86
		{FE6D5699-5C71-4702-9F3C-E2E4E48F0CA6}.AppStore|WindowsStore-x86.Build.0 = AppStore|x86
		{FE6D5699-5C71-4702-9F3C-E2E4E48F0CA6}.AppStore|WindowsStore-x86.Deploy.0 = AppStore|x86
		{FE6D5699-5C71-4702-9F3C-E2E4E48F0CA6}.Debug|Android.ActiveCfg = Debug|x86
		{FE6D5699-5C71-4702-9F3C-E2E4E48F0CA6}.Debug|Any CPU.ActiveCfg = Debug|x86
		{FE6D5699-5C71-4702-9F3C-E2E4E48F0CA6}.Debug|iPhone.ActiveCfg = Debug|x86
		{FE6D5699-5C71-4702-9F3C-E2E4E48F0CA6}.Debug|iPhoneSimulator.ActiveCfg = Debug|x86
		{FE6D5699-5C71-4702-9F3C-E2E4E48F0CA6}.Debug|Mixed Platforms.ActiveCfg = Debug|x86
		{FE6D5699-5C71-4702-9F3C-E2E4E48F0CA6}.Debug|Mixed Platforms.Build.0 = Debug|x86
		{FE6D5699-5C71-4702-9F3C-E2E4E48F0CA6}.Debug|Mixed Platforms.Deploy.0 = Debug|x86
		{FE6D5699-5C71-4702-9F3C-E2E4E48F0CA6}.Debug|Windows.ActiveCfg = Debug|x86
		{FE6D5699-5C71-4702-9F3C-E2E4E48F0CA6}.Debug|WindowsPhone-ARM.ActiveCfg = Debug|ARM
		{FE6D5699-5C71-4702-9F3C-E2E4E48F0CA6}.Debug|WindowsPhone-x86.ActiveCfg = Debug|x86
		{FE6D5699-5C71-4702-9F3C-E2E4E48F0CA6}.Debug|WindowsStore-ARM.ActiveCfg = Debug|ARM
		{FE6D5699-5C71-4702-9F3C-E2E4E48F0CA6}.Debug|WindowsStore-ARM.Build.0 = Debug|ARM
		{FE6D5699-5C71-4702-9F3C-E2E4E48F0CA6}.Debug|WindowsStore-ARM.Deploy.0 = Debug|ARM
		{FE6D5699-5C71-4702-9F3C-E2E4E48F0CA6}.Debug|WindowsStore-x64.ActiveCfg = Debug|x64
		{FE6D5699-5C71-4702-9F3C-E2E4E48F0CA6}.Debug|WindowsStore-x64.Build.0 = Debug|x64
		{FE6D5699-5C71-4702-9F3C-E2E4E48F0CA6}.Debug|WindowsStore-x64.Deploy.0 = Debug|x64
		{FE6D5699-5C71-4702-9F3C-E2E4E48F0CA6}.Debug|WindowsStore-x86.ActiveCfg = Debug|x86
		{FE6D5699-5C71-4702-9F3C-E2E4E48F0CA6}.Debug|WindowsStore-x86.Build.0 = Debug|x86
		{FE6D5699-5C71-4702-9F3C-E2E4E48F0CA6}.Debug|WindowsStore-x86.Deploy.0 = Debug|x86
		{FE6D5699-5C71-4702-9F3C-E2E4E48F0CA6}.Release|Android.ActiveCfg = Release|x86
		{FE6D5699-5C71-4702-9F3C-E2E4E48F0CA6}.Release|Any CPU.ActiveCfg = Release|x86
		{FE6D5699-5C71-4702-9F3C-E2E4E48F0CA6}.Release|iPhone.ActiveCfg = Release|x86
		{FE6D5699-5C71-4702-9F3C-E2E4E48F0CA6}.Release|iPhoneSimulator.ActiveCfg = Release|x86
		{FE6D5699-5C71-4702-9F3C-E2E4E48F0CA6}.Release|Mixed Platforms.ActiveCfg = Release|x86
		{FE6D5699-5C71-4702-9F3C-E2E4E48F0CA6}.Release|Mixed Platforms.Build.0 = Release|x86
		{FE6D5699-5C71-4702-9F3C-E2E4E48F0CA6}.Release|Mixed Platforms.Deploy.0 = Release|x86
		{FE6D5699-5C71-4702-9F3C-E2E4E48F0CA6}.Release|Windows.ActiveCfg = Release|x86
		{FE6D5699-5C71-4702-9F3C-E2E4E48F0CA6}.Release|WindowsPhone-ARM.ActiveCfg = Release|ARM
		{FE6D5699-5C71-4702-9F3C-E2E4E48F0CA6}.Release|WindowsPhone-x86.ActiveCfg = Release|x86
		{FE6D5699-5C71-4702-9F3C-E2E4E48F0CA6}.Release|WindowsStore-ARM.ActiveCfg = Release|ARM
		{FE6D5699-5C71-4702-9F3C-E2E4E48F0CA6}.Release|WindowsStore-ARM.Build.0 = Release|ARM
		{FE6D5699-5C71-4702-9F3C-E2E4E48F0CA6}.Release|WindowsStore-ARM.Deploy.0 = Release|ARM
		{FE6D5699-5C71-4702-9F3C-E2E4E48F0CA6}.Release|WindowsStore-x64.ActiveCfg = Release|x64
		{FE6D5699-5C71-4702-9F3C-E2E4E48F0CA6}.Release|WindowsStore-x64.Build.0 = Release|x64
		{FE6D5699-5C71-4702-9F3C-E2E4E48F0CA6}.Release|WindowsStore-x64.Deploy.0 = Release|x64
		{FE6D5699-5C71-4702-9F3C-E2E4E48F0CA6}.Release|WindowsStore-x86.ActiveCfg = Release|x86
		{FE6D5699-5C71-4702-9F3C-E2E4E48F0CA6}.Release|WindowsStore-x86.Build.0 = Release|x86
		{FE6D5699-5C71-4702-9F3C-E2E4E48F0CA6}.Release|WindowsStore-x86.Deploy.0 = Release|x86
		{FE6D5699-5C71-4702-9F3C-E2E4E48F0CA6}.Testing|Android.ActiveCfg = Testing|x86
		{FE6D5699-5C71-4702-9F3C-E2E4E48F0CA6}.Testing|Any CPU.ActiveCfg = Testing|x86
		{FE6D5699-5C71-4702-9F3C-E2E4E48F0CA6}.Testing|iPhone.ActiveCfg = Testing|x86
		{FE6D5699-5C71-4702-9F3C-E2E4E48F0CA6}.Testing|iPhoneSimulator.ActiveCfg = Testing|x86
		{FE6D5699-5C71-4702-9F3C-E2E4E48F0CA6}.Testing|Mixed Platforms.ActiveCfg = Testing|x86
		{FE6D5699-5C71-4702-9F3C-E2E4E48F0CA6}.Testing|Mixed Platforms.Build.0 = Testing|x86
		{FE6D5699-5C71-4702-9F3C-E2E4E48F0CA6}.Testing|Mixed Platforms.Deploy.0 = Testing|x86
		{FE6D5699-5C71-4702-9F3C-E2E4E48F0CA6}.Testing|Windows.ActiveCfg = Testing|x86
		{FE6D5699-5C71-4702-9F3C-E2E4E48F0CA6}.Testing|WindowsPhone-ARM.ActiveCfg = Testing|ARM
		{FE6D5699-5C71-4702-9F3C-E2E4E48F0CA6}.Testing|WindowsPhone-x86.ActiveCfg = Testing|x86
		{FE6D5699-5C71-4702-9F3C-E2E4E48F0CA6}.Testing|WindowsStore-ARM.ActiveCfg = Testing|ARM
		{FE6D5699-5C71-4702-9F3C-E2E4E48F0CA6}.Testing|WindowsStore-ARM.Build.0 = Testing|ARM
		{FE6D5699-5C71-4702-9F3C-E2E4E48F0CA6}.Testing|WindowsStore-ARM.Deploy.0 = Testing|ARM
		{FE6D5699-5C71-4702-9F3C-E2E4E48F0CA6}.Testing|WindowsStore-x64.ActiveCfg = Testing|x64
		{FE6D5699-5C71-4702-9F3C-E2E4E48F0CA6}.Testing|WindowsStore-x64.Build.0 = Testing|x64
		{FE6D5699-5C71-4702-9F3C-E2E4E48F0CA6}.Testing|WindowsStore-x64.Deploy.0 = Testing|x64
		{FE6D5699-5C71-4702-9F3C-E2E4E48F0CA6}.Testing|WindowsStore-x86.ActiveCfg = Testing|x86
		{FE6D5699-5C71-4702-9F3C-E2E4E48F0CA6}.Testing|WindowsStore-x86.Build.0 = Testing|x86
		{FE6D5699-5C71-4702-9F3C-E2E4E48F0CA6}.Testing|WindowsStore-x86.Deploy.0 = Testing|x86
		{C9FAB13B-6834-412F-94FF-4D5976DBC938}.AppStore|Android.ActiveCfg = AppStore|x86
		{C9FAB13B-6834-412F-94FF-4D5976DBC938}.AppStore|Any CPU.ActiveCfg = AppStore|x86
		{C9FAB13B-6834-412F-94FF-4D5976DBC938}.AppStore|iPhone.ActiveCfg = AppStore|x86
		{C9FAB13B-6834-412F-94FF-4D5976DBC938}.AppStore|iPhoneSimulator.ActiveCfg = AppStore|x86
		{C9FAB13B-6834-412F-94FF-4D5976DBC938}.AppStore|Mixed Platforms.ActiveCfg = AppStore|x86
		{C9FAB13B-6834-412F-94FF-4D5976DBC938}.AppStore|Mixed Platforms.Build.0 = AppStore|x86
		{C9FAB13B-6834-412F-94FF-4D5976DBC938}.AppStore|Mixed Platforms.Deploy.0 = AppStore|x86
		{C9FAB13B-6834-412F-94FF-4D5976DBC938}.AppStore|Windows.ActiveCfg = AppStore|x86
		{C9FAB13B-6834-412F-94FF-4D5976DBC938}.AppStore|WindowsPhone-ARM.ActiveCfg = AppStore|ARM
		{C9FAB13B-6834-412F-94FF-4D5976DBC938}.AppStore|WindowsPhone-ARM.Build.0 = AppStore|ARM
		{C9FAB13B-6834-412F-94FF-4D5976DBC938}.AppStore|WindowsPhone-ARM.Deploy.0 = AppStore|ARM
		{C9FAB13B-6834-412F-94FF-4D5976DBC938}.AppStore|WindowsPhone-x86.ActiveCfg = AppStore|x86
		{C9FAB13B-6834-412F-94FF-4D5976DBC938}.AppStore|WindowsPhone-x86.Build.0 = AppStore|x86
		{C9FAB13B-6834-412F-94FF-4D5976DBC938}.AppStore|WindowsPhone-x86.Deploy.0 = AppStore|x86
		{C9FAB13B-6834-412F-94FF-4D5976DBC938}.AppStore|WindowsStore-ARM.ActiveCfg = AppStore|ARM
		{C9FAB13B-6834-412F-94FF-4D5976DBC938}.AppStore|WindowsStore-x64.ActiveCfg = AppStore|x86
		{C9FAB13B-6834-412F-94FF-4D5976DBC938}.AppStore|WindowsStore-x86.ActiveCfg = AppStore|x86
		{C9FAB13B-6834-412F-94FF-4D5976DBC938}.Debug|Android.ActiveCfg = Debug|x86
		{C9FAB13B-6834-412F-94FF-4D5976DBC938}.Debug|Any CPU.ActiveCfg = Debug|x86
		{C9FAB13B-6834-412F-94FF-4D5976DBC938}.Debug|iPhone.ActiveCfg = Debug|x86
		{C9FAB13B-6834-412F-94FF-4D5976DBC938}.Debug|iPhoneSimulator.ActiveCfg = Debug|x86
		{C9FAB13B-6834-412F-94FF-4D5976DBC938}.Debug|Mixed Platforms.ActiveCfg = Debug|x86
		{C9FAB13B-6834-412F-94FF-4D5976DBC938}.Debug|Mixed Platforms.Build.0 = Debug|x86
		{C9FAB13B-6834-412F-94FF-4D5976DBC938}.Debug|Mixed Platforms.Deploy.0 = Debug|x86
		{C9FAB13B-6834-412F-94FF-4D5976DBC938}.Debug|Windows.ActiveCfg = Debug|x86
		{C9FAB13B-6834-412F-94FF-4D5976DBC938}.Debug|WindowsPhone-ARM.ActiveCfg = Debug|ARM
		{C9FAB13B-6834-412F-94FF-4D5976DBC938}.Debug|WindowsPhone-ARM.Build.0 = Debug|ARM
		{C9FAB13B-6834-412F-94FF-4D5976DBC938}.Debug|WindowsPhone-ARM.Deploy.0 = Debug|ARM
		{C9FAB13B-6834-412F-94FF-4D5976DBC938}.Debug|WindowsPhone-x86.ActiveCfg = Debug|x86
		{C9FAB13B-6834-412F-94FF-4D5976DBC938}.Debug|WindowsPhone-x86.Build.0 = Debug|x86
		{C9FAB13B-6834-412F-94FF-4D5976DBC938}.Debug|WindowsPhone-x86.Deploy.0 = Debug|x86
		{C9FAB13B-6834-412F-94FF-4D5976DBC938}.Debug|WindowsStore-ARM.ActiveCfg = Debug|ARM
		{C9FAB13B-6834-412F-94FF-4D5976DBC938}.Debug|WindowsStore-x64.ActiveCfg = Debug|x86
		{C9FAB13B-6834-412F-94FF-4D5976DBC938}.Debug|WindowsStore-x86.ActiveCfg = Debug|x86
		{C9FAB13B-6834-412F-94FF-4D5976DBC938}.Release|Android.ActiveCfg = Release|x86
		{C9FAB13B-6834-412F-94FF-4D5976DBC938}.Release|Any CPU.ActiveCfg = Release|x86
		{C9FAB13B-6834-412F-94FF-4D5976DBC938}.Release|iPhone.ActiveCfg = Release|x86
		{C9FAB13B-6834-412F-94FF-4D5976DBC938}.Release|iPhoneSimulator.ActiveCfg = Release|x86
		{C9FAB13B-6834-412F-94FF-4D5976DBC938}.Release|Mixed Platforms.ActiveCfg = Release|x86
		{C9FAB13B-6834-412F-94FF-4D5976DBC938}.Release|Mixed Platforms.Build.0 = Release|x86
		{C9FAB13B-6834-412F-94FF-4D5976DBC938}.Release|Mixed Platforms.Deploy.0 = Release|x86
		{C9FAB13B-6834-412F-94FF-4D5976DBC938}.Release|Windows.ActiveCfg = Release|x86
		{C9FAB13B-6834-412F-94FF-4D5976DBC938}.Release|WindowsPhone-ARM.ActiveCfg = Release|ARM
		{C9FAB13B-6834-412F-94FF-4D5976DBC938}.Release|WindowsPhone-ARM.Build.0 = Release|ARM
		{C9FAB13B-6834-412F-94FF-4D5976DBC938}.Release|WindowsPhone-ARM.Deploy.0 = Release|ARM
		{C9FAB13B-6834-412F-94FF-4D5976DBC938}.Release|WindowsPhone-x86.ActiveCfg = Release|x86
		{C9FAB13B-6834-412F-94FF-4D5976DBC938}.Release|WindowsPhone-x86.Build.0 = Release|x86
		{C9FAB13B-6834-412F-94FF-4D5976DBC938}.Release|WindowsPhone-x86.Deploy.0 = Release|x86
		{C9FAB13B-6834-412F-94FF-4D5976DBC938}.Release|WindowsStore-ARM.ActiveCfg = Release|ARM
		{C9FAB13B-6834-412F-94FF-4D5976DBC938}.Release|WindowsStore-x64.ActiveCfg = Release|x86
		{C9FAB13B-6834-412F-94FF-4D5976DBC938}.Release|WindowsStore-x86.ActiveCfg = Release|x86
		{C9FAB13B-6834-412F-94FF-4D5976DBC938}.Testing|Android.ActiveCfg = Testing|x86
		{C9FAB13B-6834-412F-94FF-4D5976DBC938}.Testing|Any CPU.ActiveCfg = Testing|x86
		{C9FAB13B-6834-412F-94FF-4D5976DBC938}.Testing|iPhone.ActiveCfg = Testing|x86
		{C9FAB13B-6834-412F-94FF-4D5976DBC938}.Testing|iPhoneSimulator.ActiveCfg = Testing|x86
		{C9FAB13B-6834-412F-94FF-4D5976DBC938}.Testing|Mixed Platforms.ActiveCfg = Testing|x86
		{C9FAB13B-6834-412F-94FF-4D5976DBC938}.Testing|Mixed Platforms.Build.0 = Testing|x86
		{C9FAB13B-6834-412F-94FF-4D5976DBC938}.Testing|Mixed Platforms.Deploy.0 = Testing|x86
		{C9FAB13B-6834-412F-94FF-4D5976DBC938}.Testing|Windows.ActiveCfg = Testing|x86
		{C9FAB13B-6834-412F-94FF-4D5976DBC938}.Testing|WindowsPhone-ARM.ActiveCfg = Testing|ARM
		{C9FAB13B-6834-412F-94FF-4D5976DBC938}.Testing|WindowsPhone-ARM.Build.0 = Testing|ARM
		{C9FAB13B-6834-412F-94FF-4D5976DBC938}.Testing|WindowsPhone-ARM.Deploy.0 = Testing|ARM
		{C9FAB13B-6834-412F-94FF-4D5976DBC938}.Testing|WindowsPhone-x86.ActiveCfg = Testing|x86
		{C9FAB13B-6834-412F-94FF-4D5976DBC938}.Testing|WindowsPhone-x86.Build.0 = Testing|x86
		{C9FAB13B-6834-412F-94FF-4D5976DBC938}.Testing|WindowsPhone-x86.Deploy.0 = Testing|x86
		{C9FAB13B-6834-412F-94FF-4D5976DBC938}.Testing|WindowsStore-ARM.ActiveCfg = Testing|ARM
		{C9FAB13B-6834-412F-94FF-4D5976DBC938}.Testing|WindowsStore-x64.ActiveCfg = Testing|x86
		{C9FAB13B-6834-412F-94FF-4D5976DBC938}.Testing|WindowsStore-x86.ActiveCfg = Testing|x86
		{62CC4549-7B5E-42C0-9090-815C8F60FD1E}.AppStore|Android.ActiveCfg = AppStore|Android
		{62CC4549-7B5E-42C0-9090-815C8F60FD1E}.AppStore|Android.Build.0 = AppStore|Android
		{62CC4549-7B5E-42C0-9090-815C8F60FD1E}.AppStore|Android.Deploy.0 = AppStore|Android
		{62CC4549-7B5E-42C0-9090-815C8F60FD1E}.AppStore|Any CPU.ActiveCfg = AppStore|Android
		{62CC4549-7B5E-42C0-9090-815C8F60FD1E}.AppStore|iPhone.ActiveCfg = AppStore|Android
		{62CC4549-7B5E-42C0-9090-815C8F60FD1E}.AppStore|iPhoneSimulator.ActiveCfg = AppStore|Android
		{62CC4549-7B5E-42C0-9090-815C8F60FD1E}.AppStore|Mixed Platforms.ActiveCfg = AppStore|Android
		{62CC4549-7B5E-42C0-9090-815C8F60FD1E}.AppStore|Windows.ActiveCfg = AppStore|Android
		{62CC4549-7B5E-42C0-9090-815C8F60FD1E}.AppStore|WindowsPhone-ARM.ActiveCfg = AppStore|Android
		{62CC4549-7B5E-42C0-9090-815C8F60FD1E}.AppStore|WindowsPhone-x86.ActiveCfg = AppStore|Android
		{62CC4549-7B5E-42C0-9090-815C8F60FD1E}.AppStore|WindowsStore-ARM.ActiveCfg = AppStore|Android
		{62CC4549-7B5E-42C0-9090-815C8F60FD1E}.AppStore|WindowsStore-x64.ActiveCfg = AppStore|Android
		{62CC4549-7B5E-42C0-9090-815C8F60FD1E}.AppStore|WindowsStore-x86.ActiveCfg = AppStore|Android
		{62CC4549-7B5E-42C0-9090-815C8F60FD1E}.Debug|Android.ActiveCfg = Debug|Android
		{62CC4549-7B5E-42C0-9090-815C8F60FD1E}.Debug|Android.Build.0 = Debug|Android
		{62CC4549-7B5E-42C0-9090-815C8F60FD1E}.Debug|Android.Deploy.0 = Debug|Android
		{62CC4549-7B5E-42C0-9090-815C8F60FD1E}.Debug|Any CPU.ActiveCfg = Debug|Android
		{62CC4549-7B5E-42C0-9090-815C8F60FD1E}.Debug|iPhone.ActiveCfg = Debug|Android
		{62CC4549-7B5E-42C0-9090-815C8F60FD1E}.Debug|iPhoneSimulator.ActiveCfg = Debug|Android
		{62CC4549-7B5E-42C0-9090-815C8F60FD1E}.Debug|Mixed Platforms.ActiveCfg = Debug|Android
		{62CC4549-7B5E-42C0-9090-815C8F60FD1E}.Debug|Windows.ActiveCfg = Debug|Android
		{62CC4549-7B5E-42C0-9090-815C8F60FD1E}.Debug|WindowsPhone-ARM.ActiveCfg = Debug|Android
		{62CC4549-7B5E-42C0-9090-815C8F60FD1E}.Debug|WindowsPhone-x86.ActiveCfg = Debug|Android
		{62CC4549-7B5E-42C0-9090-815C8F60FD1E}.Debug|WindowsStore-ARM.ActiveCfg = Debug|Android
		{62CC4549-7B5E-42C0-9090-815C8F60FD1E}.Debug|WindowsStore-x64.ActiveCfg = Debug|Android
		{62CC4549-7B5E-42C0-9090-815C8F60FD1E}.Debug|WindowsStore-x86.ActiveCfg = Debug|Android
		{62CC4549-7B5E-42C0-9090-815C8F60FD1E}.Release|Android.ActiveCfg = Release|Android
		{62CC4549-7B5E-42C0-9090-815C8F60FD1E}.Release|Android.Build.0 = Release|Android
		{62CC4549-7B5E-42C0-9090-815C8F60FD1E}.Release|Android.Deploy.0 = Release|Android
		{62CC4549-7B5E-42C0-9090-815C8F60FD1E}.Release|Any CPU.ActiveCfg = Release|Android
		{62CC4549-7B5E-42C0-9090-815C8F60FD1E}.Release|iPhone.ActiveCfg = Release|Android
		{62CC4549-7B5E-42C0-9090-815C8F60FD1E}.Release|iPhoneSimulator.ActiveCfg = Release|Android
		{62CC4549-7B5E-42C0-9090-815C8F60FD1E}.Release|Mixed Platforms.ActiveCfg = Release|Android
		{62CC4549-7B5E-42C0-9090-815C8F60FD1E}.Release|Windows.ActiveCfg = Release|Android
		{62CC4549-7B5E-42C0-9090-815C8F60FD1E}.Release|WindowsPhone-ARM.ActiveCfg = Release|Android
		{62CC4549-7B5E-42C0-9090-815C8F60FD1E}.Release|WindowsPhone-x86.ActiveCfg = Release|Android
		{62CC4549-7B5E-42C0-9090-815C8F60FD1E}.Release|WindowsStore-ARM.ActiveCfg = Release|Android
		{62CC4549-7B5E-42C0-9090-815C8F60FD1E}.Release|WindowsStore-x64.ActiveCfg = Release|Android
		{62CC4549-7B5E-42C0-9090-815C8F60FD1E}.Release|WindowsStore-x86.ActiveCfg = Release|Android
		{62CC4549-7B5E-42C0-9090-815C8F60FD1E}.Testing|Android.ActiveCfg = Testing|Android
		{62CC4549-7B5E-42C0-9090-815C8F60FD1E}.Testing|Android.Build.0 = Testing|Android
		{62CC4549-7B5E-42C0-9090-815C8F60FD1E}.Testing|Android.Deploy.0 = Testing|Android
		{62CC4549-7B5E-42C0-9090-815C8F60FD1E}.Testing|Any CPU.ActiveCfg = Testing|Android
		{62CC4549-7B5E-42C0-9090-815C8F60FD1E}.Testing|iPhone.ActiveCfg = Testing|Android
		{62CC4549-7B5E-42C0-9090-815C8F60FD1E}.Testing|iPhoneSimulator.ActiveCfg = Testing|Android
		{62CC4549-7B5E-42C0-9090-815C8F60FD1E}.Testing|Mixed Platforms.ActiveCfg = Testing|Android
		{62CC4549-7B5E-42C0-9090-815C8F60FD1E}.Testing|Windows.ActiveCfg = Testing|Android
		{62CC4549-7B5E-42C0-9090-815C8F60FD1E}.Testing|WindowsPhone-ARM.ActiveCfg = Testing|Android
		{62CC4549-7B5E-42C0-9090-815C8F60FD1E}.Testing|WindowsPhone-x86.ActiveCfg = Testing|Android
		{62CC4549-7B5E-42C0-9090-815C8F60FD1E}.Testing|WindowsStore-ARM.ActiveCfg = Testing|Android
		{62CC4549-7B5E-42C0-9090-815C8F60FD1E}.Testing|WindowsStore-x64.ActiveCfg = Testing|Android
		{62CC4549-7B5E-42C0-9090-815C8F60FD1E}.Testing|WindowsStore-x86.ActiveCfg = Testing|Android
		{AF975649-D102-4256-BD58-46BAEABA0518}.AppStore|Android.ActiveCfg = AppStore|iPhone
		{AF975649-D102-4256-BD58-46BAEABA0518}.AppStore|Any CPU.ActiveCfg = AppStore|iPhone
		{AF975649-D102-4256-BD58-46BAEABA0518}.AppStore|iPhone.ActiveCfg = AppStore|iPhone
		{AF975649-D102-4256-BD58-46BAEABA0518}.AppStore|iPhone.Build.0 = AppStore|iPhone
		{AF975649-D102-4256-BD58-46BAEABA0518}.AppStore|iPhone.Deploy.0 = AppStore|iPhone
		{AF975649-D102-4256-BD58-46BAEABA0518}.AppStore|iPhoneSimulator.ActiveCfg = AppStore|iPhoneSimulator
		{AF975649-D102-4256-BD58-46BAEABA0518}.AppStore|iPhoneSimulator.Build.0 = AppStore|iPhoneSimulator
		{AF975649-D102-4256-BD58-46BAEABA0518}.AppStore|iPhoneSimulator.Deploy.0 = AppStore|iPhoneSimulator
		{AF975649-D102-4256-BD58-46BAEABA0518}.AppStore|Mixed Platforms.ActiveCfg = AppStore|iPhone
		{AF975649-D102-4256-BD58-46BAEABA0518}.AppStore|Windows.ActiveCfg = AppStore|iPhone
		{AF975649-D102-4256-BD58-46BAEABA0518}.AppStore|WindowsPhone-ARM.ActiveCfg = AppStore|iPhone
		{AF975649-D102-4256-BD58-46BAEABA0518}.AppStore|WindowsPhone-x86.ActiveCfg = AppStore|iPhone
		{AF975649-D102-4256-BD58-46BAEABA0518}.AppStore|WindowsStore-ARM.ActiveCfg = AppStore|iPhone
		{AF975649-D102-4256-BD58-46BAEABA0518}.AppStore|WindowsStore-x64.ActiveCfg = AppStore|iPhone
		{AF975649-D102-4256-BD58-46BAEABA0518}.AppStore|WindowsStore-x86.ActiveCfg = AppStore|iPhone
		{AF975649-D102-4256-BD58-46BAEABA0518}.Debug|Android.ActiveCfg = Debug|iPhone
		{AF975649-D102-4256-BD58-46BAEABA0518}.Debug|Any CPU.ActiveCfg = Debug|iPhone
		{AF975649-D102-4256-BD58-46BAEABA0518}.Debug|iPhone.ActiveCfg = Debug|iPhone
		{AF975649-D102-4256-BD58-46BAEABA0518}.Debug|iPhone.Build.0 = Debug|iPhone
		{AF975649-D102-4256-BD58-46BAEABA0518}.Debug|iPhone.Deploy.0 = Debug|iPhone
		{AF975649-D102-4256-BD58-46BAEABA0518}.Debug|iPhoneSimulator.ActiveCfg = Debug|iPhoneSimulator
		{AF975649-D102-4256-BD58-46BAEABA0518}.Debug|iPhoneSimulator.Build.0 = Debug|iPhoneSimulator
		{AF975649-D102-4256-BD58-46BAEABA0518}.Debug|iPhoneSimulator.Deploy.0 = Debug|iPhoneSimulator
		{AF975649-D102-4256-BD58-46BAEABA0518}.Debug|Mixed Platforms.ActiveCfg = Debug|iPhone
		{AF975649-D102-4256-BD58-46BAEABA0518}.Debug|Windows.ActiveCfg = Debug|iPhone
		{AF975649-D102-4256-BD58-46BAEABA0518}.Debug|WindowsPhone-ARM.ActiveCfg = Debug|iPhone
		{AF975649-D102-4256-BD58-46BAEABA0518}.Debug|WindowsPhone-x86.ActiveCfg = Debug|iPhone
		{AF975649-D102-4256-BD58-46BAEABA0518}.Debug|WindowsStore-ARM.ActiveCfg = Debug|iPhone
		{AF975649-D102-4256-BD58-46BAEABA0518}.Debug|WindowsStore-x64.ActiveCfg = Debug|iPhone
		{AF975649-D102-4256-BD58-46BAEABA0518}.Debug|WindowsStore-x86.ActiveCfg = Debug|iPhone
		{AF975649-D102-4256-BD58-46BAEABA0518}.Release|Android.ActiveCfg = Release|iPhone
		{AF975649-D102-4256-BD58-46BAEABA0518}.Release|Any CPU.ActiveCfg = Release|iPhone
		{AF975649-D102-4256-BD58-46BAEABA0518}.Release|iPhone.ActiveCfg = Release|iPhone
		{AF975649-D102-4256-BD58-46BAEABA0518}.Release|iPhone.Build.0 = Release|iPhone
		{AF975649-D102-4256-BD58-46BAEABA0518}.Release|iPhone.Deploy.0 = Release|iPhone
		{AF975649-D102-4256-BD58-46BAEABA0518}.Release|iPhoneSimulator.ActiveCfg = Release|iPhoneSimulator
		{AF975649-D102-4256-BD58-46BAEABA0518}.Release|iPhoneSimulator.Build.0 = Release|iPhoneSimulator
		{AF975649-D102-4256-BD58-46BAEABA0518}.Release|iPhoneSimulator.Deploy.0 = Release|iPhoneSimulator
		{AF975649-D102-4256-BD58-46BAEABA0518}.Release|Mixed Platforms.ActiveCfg = Release|iPhone
		{AF975649-D102-4256-BD58-46BAEABA0518}.Release|Windows.ActiveCfg = Release|iPhone
		{AF975649-D102-4256-BD58-46BAEABA0518}.Release|WindowsPhone-ARM.ActiveCfg = Release|iPhone
		{AF975649-D102-4256-BD58-46BAEABA0518}.Release|WindowsPhone-x86.ActiveCfg = Release|iPhone
		{AF975649-D102-4256-BD58-46BAEABA0518}.Release|WindowsStore-ARM.ActiveCfg = Release|iPhone
		{AF975649-D102-4256-BD58-46BAEABA0518}.Release|WindowsStore-x64.ActiveCfg = Release|iPhone
		{AF975649-D102-4256-BD58-46BAEABA0518}.Release|WindowsStore-x86.ActiveCfg = Release|iPhone
		{AF975649-D102-4256-BD58-46BAEABA0518}.Testing|Android.ActiveCfg = Testing|iPhone
		{AF975649-D102-4256-BD58-46BAEABA0518}.Testing|Any CPU.ActiveCfg = Testing|iPhone
		{AF975649-D102-4256-BD58-46BAEABA0518}.Testing|iPhone.ActiveCfg = Testing|iPhone
		{AF975649-D102-4256-BD58-46BAEABA0518}.Testing|iPhone.Build.0 = Testing|iPhone
		{AF975649-D102-4256-BD58-46BAEABA0518}.Testing|iPhone.Deploy.0 = Testing|iPhone
		{AF975649-D102-4256-BD58-46BAEABA0518}.Testing|iPhoneSimulator.ActiveCfg = Testing|iPhoneSimulator
		{AF975649-D102-4256-BD58-46BAEABA0518}.Testing|iPhoneSimulator.Build.0 = Testing|iPhoneSimulator
		{AF975649-D102-4256-BD58-46BAEABA0518}.Testing|iPhoneSimulator.Deploy.0 = Testing|iPhoneSimulator
		{AF975649-D102-4256-BD58-46BAEABA0518}.Testing|Mixed Platforms.ActiveCfg = Testing|iPhone
		{AF975649-D102-4256-BD58-46BAEABA0518}.Testing|Windows.ActiveCfg = Testing|iPhone
		{AF975649-D102-4256-BD58-46BAEABA0518}.Testing|WindowsPhone-ARM.ActiveCfg = Testing|iPhone
		{AF975649-D102-4256-BD58-46BAEABA0518}.Testing|WindowsPhone-x86.ActiveCfg = Testing|iPhone
		{AF975649-D102-4256-BD58-46BAEABA0518}.Testing|WindowsStore-ARM.ActiveCfg = Testing|iPhone
		{AF975649-D102-4256-BD58-46BAEABA0518}.Testing|WindowsStore-x64.ActiveCfg = Testing|iPhone
		{AF975649-D102-4256-BD58-46BAEABA0518}.Testing|WindowsStore-x86.ActiveCfg = Testing|iPhone
		{83947D07-A863-45B5-924E-A0E5C23AF277}.AppStore|Android.ActiveCfg = AppStore|Android
		{83947D07-A863-45B5-924E-A0E5C23AF277}.AppStore|Android.Build.0 = AppStore|Android
		{83947D07-A863-45B5-924E-A0E5C23AF277}.AppStore|Any CPU.ActiveCfg = AppStore|Any CPU
		{83947D07-A863-45B5-924E-A0E5C23AF277}.AppStore|Any CPU.Build.0 = AppStore|Any CPU
		{83947D07-A863-45B5-924E-A0E5C23AF277}.AppStore|iPhone.ActiveCfg = AppStore|iPhone
		{83947D07-A863-45B5-924E-A0E5C23AF277}.AppStore|iPhone.Build.0 = AppStore|iPhone
		{83947D07-A863-45B5-924E-A0E5C23AF277}.AppStore|iPhoneSimulator.ActiveCfg = AppStore|iPhoneSimulator
		{83947D07-A863-45B5-924E-A0E5C23AF277}.AppStore|iPhoneSimulator.Build.0 = AppStore|iPhoneSimulator
		{83947D07-A863-45B5-924E-A0E5C23AF277}.AppStore|Mixed Platforms.ActiveCfg = AppStore|Any CPU
		{83947D07-A863-45B5-924E-A0E5C23AF277}.AppStore|Mixed Platforms.Build.0 = AppStore|Any CPU
		{83947D07-A863-45B5-924E-A0E5C23AF277}.AppStore|Windows.ActiveCfg = AppStore|Any CPU
		{83947D07-A863-45B5-924E-A0E5C23AF277}.AppStore|Windows.Build.0 = AppStore|Any CPU
		{83947D07-A863-45B5-924E-A0E5C23AF277}.AppStore|WindowsPhone-ARM.ActiveCfg = AppStore|WindowsPhone
		{83947D07-A863-45B5-924E-A0E5C23AF277}.AppStore|WindowsPhone-ARM.Build.0 = AppStore|WindowsPhone
		{83947D07-A863-45B5-924E-A0E5C23AF277}.AppStore|WindowsPhone-x86.ActiveCfg = AppStore|WindowsPhone
		{83947D07-A863-45B5-924E-A0E5C23AF277}.AppStore|WindowsPhone-x86.Build.0 = AppStore|WindowsPhone
		{83947D07-A863-45B5-924E-A0E5C23AF277}.AppStore|WindowsStore-ARM.ActiveCfg = AppStore|WindowsStore
		{83947D07-A863-45B5-924E-A0E5C23AF277}.AppStore|WindowsStore-ARM.Build.0 = AppStore|WindowsStore
		{83947D07-A863-45B5-924E-A0E5C23AF277}.AppStore|WindowsStore-x64.ActiveCfg = AppStore|WindowsStore
		{83947D07-A863-45B5-924E-A0E5C23AF277}.AppStore|WindowsStore-x64.Build.0 = AppStore|WindowsStore
		{83947D07-A863-45B5-924E-A0E5C23AF277}.AppStore|WindowsStore-x86.ActiveCfg = AppStore|WindowsStore
		{83947D07-A863-45B5-924E-A0E5C23AF277}.AppStore|WindowsStore-x86.Build.0 = AppStore|WindowsStore
		{83947D07-A863-45B5-924E-A0E5C23AF277}.Debug|Android.ActiveCfg = Debug|Android
		{83947D07-A863-45B5-924E-A0E5C23AF277}.Debug|Android.Build.0 = Debug|Android
		{83947D07-A863-45B5-924E-A0E5C23AF277}.Debug|Any CPU.ActiveCfg = Debug|Any CPU
		{83947D07-A863-45B5-924E-A0E5C23AF277}.Debug|Any CPU.Build.0 = Debug|Any CPU
		{83947D07-A863-45B5-924E-A0E5C23AF277}.Debug|iPhone.ActiveCfg = Debug|iPhone
		{83947D07-A863-45B5-924E-A0E5C23AF277}.Debug|iPhone.Build.0 = Debug|iPhone
		{83947D07-A863-45B5-924E-A0E5C23AF277}.Debug|iPhoneSimulator.ActiveCfg = Debug|iPhoneSimulator
		{83947D07-A863-45B5-924E-A0E5C23AF277}.Debug|iPhoneSimulator.Build.0 = Debug|iPhoneSimulator
		{83947D07-A863-45B5-924E-A0E5C23AF277}.Debug|Mixed Platforms.ActiveCfg = Debug|Any CPU
		{83947D07-A863-45B5-924E-A0E5C23AF277}.Debug|Mixed Platforms.Build.0 = Debug|Any CPU
		{83947D07-A863-45B5-924E-A0E5C23AF277}.Debug|Windows.ActiveCfg = Debug|Any CPU
		{83947D07-A863-45B5-924E-A0E5C23AF277}.Debug|Windows.Build.0 = Debug|Any CPU
		{83947D07-A863-45B5-924E-A0E5C23AF277}.Debug|WindowsPhone-ARM.ActiveCfg = Debug|WindowsPhone
		{83947D07-A863-45B5-924E-A0E5C23AF277}.Debug|WindowsPhone-ARM.Build.0 = Debug|WindowsPhone
		{83947D07-A863-45B5-924E-A0E5C23AF277}.Debug|WindowsPhone-x86.ActiveCfg = Debug|WindowsPhone
		{83947D07-A863-45B5-924E-A0E5C23AF277}.Debug|WindowsPhone-x86.Build.0 = Debug|WindowsPhone
		{83947D07-A863-45B5-924E-A0E5C23AF277}.Debug|WindowsStore-ARM.ActiveCfg = Debug|WindowsStore
		{83947D07-A863-45B5-924E-A0E5C23AF277}.Debug|WindowsStore-ARM.Build.0 = Debug|WindowsStore
		{83947D07-A863-45B5-924E-A0E5C23AF277}.Debug|WindowsStore-x64.ActiveCfg = Debug|WindowsStore
		{83947D07-A863-45B5-924E-A0E5C23AF277}.Debug|WindowsStore-x64.Build.0 = Debug|WindowsStore
		{83947D07-A863-45B5-924E-A0E5C23AF277}.Debug|WindowsStore-x86.ActiveCfg = Debug|WindowsStore
		{83947D07-A863-45B5-924E-A0E5C23AF277}.Debug|WindowsStore-x86.Build.0 = Debug|WindowsStore
		{83947D07-A863-45B5-924E-A0E5C23AF277}.Release|Android.ActiveCfg = Release|Android
		{83947D07-A863-45B5-924E-A0E5C23AF277}.Release|Android.Build.0 = Release|Android
		{83947D07-A863-45B5-924E-A0E5C23AF277}.Release|Any CPU.ActiveCfg = Release|Any CPU
		{83947D07-A863-45B5-924E-A0E5C23AF277}.Release|Any CPU.Build.0 = Release|Any CPU
		{83947D07-A863-45B5-924E-A0E5C23AF277}.Release|iPhone.ActiveCfg = Release|iPhone
		{83947D07-A863-45B5-924E-A0E5C23AF277}.Release|iPhone.Build.0 = Release|iPhone
		{83947D07-A863-45B5-924E-A0E5C23AF277}.Release|iPhoneSimulator.ActiveCfg = Release|iPhoneSimulator
		{83947D07-A863-45B5-924E-A0E5C23AF277}.Release|iPhoneSimulator.Build.0 = Release|iPhoneSimulator
		{83947D07-A863-45B5-924E-A0E5C23AF277}.Release|Mixed Platforms.ActiveCfg = Release|Any CPU
		{83947D07-A863-45B5-924E-A0E5C23AF277}.Release|Mixed Platforms.Build.0 = Release|Any CPU
		{83947D07-A863-45B5-924E-A0E5C23AF277}.Release|Windows.ActiveCfg = Release|Any CPU
		{83947D07-A863-45B5-924E-A0E5C23AF277}.Release|Windows.Build.0 = Release|Any CPU
		{83947D07-A863-45B5-924E-A0E5C23AF277}.Release|WindowsPhone-ARM.ActiveCfg = Release|WindowsPhone
		{83947D07-A863-45B5-924E-A0E5C23AF277}.Release|WindowsPhone-ARM.Build.0 = Release|WindowsPhone
		{83947D07-A863-45B5-924E-A0E5C23AF277}.Release|WindowsPhone-x86.ActiveCfg = Release|WindowsPhone
		{83947D07-A863-45B5-924E-A0E5C23AF277}.Release|WindowsPhone-x86.Build.0 = Release|WindowsPhone
		{83947D07-A863-45B5-924E-A0E5C23AF277}.Release|WindowsStore-ARM.ActiveCfg = Release|WindowsStore
		{83947D07-A863-45B5-924E-A0E5C23AF277}.Release|WindowsStore-ARM.Build.0 = Release|WindowsStore
		{83947D07-A863-45B5-924E-A0E5C23AF277}.Release|WindowsStore-x64.ActiveCfg = Release|WindowsStore
		{83947D07-A863-45B5-924E-A0E5C23AF277}.Release|WindowsStore-x64.Build.0 = Release|WindowsStore
		{83947D07-A863-45B5-924E-A0E5C23AF277}.Release|WindowsStore-x86.ActiveCfg = Release|WindowsStore
		{83947D07-A863-45B5-924E-A0E5C23AF277}.Release|WindowsStore-x86.Build.0 = Release|WindowsStore
		{83947D07-A863-45B5-924E-A0E5C23AF277}.Testing|Android.ActiveCfg = Testing|Android
		{83947D07-A863-45B5-924E-A0E5C23AF277}.Testing|Android.Build.0 = Testing|Android
		{83947D07-A863-45B5-924E-A0E5C23AF277}.Testing|Any CPU.ActiveCfg = Testing|Any CPU
		{83947D07-A863-45B5-924E-A0E5C23AF277}.Testing|Any CPU.Build.0 = Testing|Any CPU
		{83947D07-A863-45B5-924E-A0E5C23AF277}.Testing|iPhone.ActiveCfg = Testing|iPhone
		{83947D07-A863-45B5-924E-A0E5C23AF277}.Testing|iPhone.Build.0 = Testing|iPhone
		{83947D07-A863-45B5-924E-A0E5C23AF277}.Testing|iPhoneSimulator.ActiveCfg = Testing|iPhoneSimulator
		{83947D07-A863-45B5-924E-A0E5C23AF277}.Testing|iPhoneSimulator.Build.0 = Testing|iPhoneSimulator
		{83947D07-A863-45B5-924E-A0E5C23AF277}.Testing|Mixed Platforms.ActiveCfg = Testing|Any CPU
		{83947D07-A863-45B5-924E-A0E5C23AF277}.Testing|Mixed Platforms.Build.0 = Testing|Any CPU
		{83947D07-A863-45B5-924E-A0E5C23AF277}.Testing|Windows.ActiveCfg = Testing|Any CPU
		{83947D07-A863-45B5-924E-A0E5C23AF277}.Testing|Windows.Build.0 = Testing|Any CPU
		{83947D07-A863-45B5-924E-A0E5C23AF277}.Testing|WindowsPhone-ARM.ActiveCfg = Testing|WindowsPhone
		{83947D07-A863-45B5-924E-A0E5C23AF277}.Testing|WindowsPhone-ARM.Build.0 = Testing|WindowsPhone
		{83947D07-A863-45B5-924E-A0E5C23AF277}.Testing|WindowsPhone-x86.ActiveCfg = Testing|WindowsPhone
		{83947D07-A863-45B5-924E-A0E5C23AF277}.Testing|WindowsPhone-x86.Build.0 = Testing|WindowsPhone
		{83947D07-A863-45B5-924E-A0E5C23AF277}.Testing|WindowsStore-ARM.ActiveCfg = Testing|WindowsStore
		{83947D07-A863-45B5-924E-A0E5C23AF277}.Testing|WindowsStore-ARM.Build.0 = Testing|WindowsStore
		{83947D07-A863-45B5-924E-A0E5C23AF277}.Testing|WindowsStore-x64.ActiveCfg = Testing|WindowsStore
		{83947D07-A863-45B5-924E-A0E5C23AF277}.Testing|WindowsStore-x64.Build.0 = Testing|WindowsStore
		{83947D07-A863-45B5-924E-A0E5C23AF277}.Testing|WindowsStore-x86.ActiveCfg = Testing|WindowsStore
		{83947D07-A863-45B5-924E-A0E5C23AF277}.Testing|WindowsStore-x86.Build.0 = Testing|WindowsStore
	EndGlobalSection
	GlobalSection(SolutionProperties) = preSolution
		HideSolutionNode = FALSE
	EndGlobalSection
	GlobalSection(NestedProjects) = preSolution
		{21F1B9B5-98DD-4B98-B8D9-EEDBA2009D28} = {C47B99CD-4798-4D85-B9B7-E720D9A229B7}
		{A26A7DF9-B469-4996-B5A5-324285394BB9} = {C47B99CD-4798-4D85-B9B7-E720D9A229B7}
		{FE6D5699-5C71-4702-9F3C-E2E4E48F0CA6} = {C47B99CD-4798-4D85-B9B7-E720D9A229B7}
		{C9FAB13B-6834-412F-94FF-4D5976DBC938} = {C47B99CD-4798-4D85-B9B7-E720D9A229B7}
		{62CC4549-7B5E-42C0-9090-815C8F60FD1E} = {C47B99CD-4798-4D85-B9B7-E720D9A229B7}
		{AF975649-D102-4256-BD58-46BAEABA0518} = {C47B99CD-4798-4D85-B9B7-E720D9A229B7}
		{83947D07-A863-45B5-924E-A0E5C23AF277} = {C47B99CD-4798-4D85-B9B7-E720D9A229B7}
	EndGlobalSection
EndGlobal
